
Microsoft Visual Studio Solution File, Format Version 12.00
# Visual Studio Version 17
VisualStudioVersion = 17.6.33815.320
MinimumVisualStudioVersion = 10.0.40219.1
Project("{FAE04EC0-301F-11D3-BF4B-00C04F79EFBC}") = "FizzBuzz.Console", "FizzBuzz.Console\FizzBuzz.Console.csproj", "{BF2D74A2-2511-45C5-BF20-1B1E318F9B67}"
EndProject
Project("{FAE04EC0-301F-11D3-BF4B-00C04F79EFBC}") = "FizzBuzz", "FizzBuzz\FizzBuzz.csproj", "{A228383B-DBD0-4F85-8EA7-CDE1CC09D4A1}"
EndProject
Project("{FAE04EC0-301F-11D3-BF4B-00C04F79EFBC}") = "FizzBuzz.Test", "FizzBuzz.Test\FizzBuzz.Test.csproj", "{63815E74-DE9B-4EC6-9CAA-230D24BEC6E4}"
EndProject
Global
	GlobalSection(SolutionConfigurationPlatforms) = preSolution
		Debug|Any CPU = Debug|Any CPU
		Release|Any CPU = Release|Any CPU
	EndGlobalSection
	GlobalSection(ProjectConfigurationPlatforms) = postSolution
		{BF2D74A2-2511-45C5-BF20-1B1E318F9B67}.Debug|Any CPU.ActiveCfg = Debug|Any CPU
		{BF2D74A2-2511-45C5-BF20-1B1E318F9B67}.Debug|Any CPU.Build.0 = Debug|Any CPU
		{BF2D74A2-2511-45C5-BF20-1B1E318F9B67}.Release|Any CPU.ActiveCfg = Release|Any CPU
		{BF2D74A2-2511-45C5-BF20-1B1E318F9B67}.Release|Any CPU.Build.0 = Release|Any CPU
		{A228383B-DBD0-4F85-8EA7-CDE1CC09D4A1}.Debug|Any CPU.ActiveCfg = Debug|Any CPU
		{A228383B-DBD0-4F85-8EA7-CDE1CC09D4A1}.Debug|Any CPU.Build.0 = Debug|Any CPU
		{A228383B-DBD0-4F85-8EA7-CDE1CC09D4A1}.Release|Any CPU.ActiveCfg = Release|Any CPU
		{A228383B-DBD0-4F85-8EA7-CDE1CC09D4A1}.Release|Any CPU.Build.0 = Release|Any CPU
		{63815E74-DE9B-4EC6-9CAA-230D24BEC6E4}.Debug|Any CPU.ActiveCfg = Debug|Any CPU
		{63815E74-DE9B-4EC6-9CAA-230D24BEC6E4}.Debug|Any CPU.Build.0 = Debug|Any CPU
		{63815E74-DE9B-4EC6-9CAA-230D24BEC6E4}.Release|Any CPU.ActiveCfg = Release|Any CPU
		{63815E74-DE9B-4EC6-9CAA-230D24BEC6E4}.Release|Any CPU.Build.0 = Release|Any CPU
	EndGlobalSection
	GlobalSection(SolutionProperties) = preSolution
		HideSolutionNode = FALSE
	EndGlobalSection
	GlobalSection(ExtensibilityGlobals) = postSolution
		SolutionGuid = {3718FE75-CE61-4490-9061-B14FEA213816}
	EndGlobalSection
EndGlobal
